{
  "name": "aaa-first-vibium-project",
  "version": "1.0.0",
  "lockfileVersion": 3,
  "requires": true,
  "packages": {
    "": {
      "name": "aaa-first-vibium-project",
      "version": "1.0.0",
      "license": "ISC",
      "dependencies": {
        "vibium": "^0.1.2"
      }
    },
    "node_modules/@vibium/darwin-arm64": {
      "version": "0.1.2",
      "resolved": "https://registry.npmjs.org/@vibium/darwin-arm64/-/darwin-arm64-0.1.2.tgz",
      "integrity": "sha512-FbGvWKqgIh7TCjK+JhMJnCfc7ZJgNYXLcyx8ypfjQeJy3SERcpVmm4FLCPjusv300NMG8G2uf1gg+7PCQDgepw==",
      "cpu": [
        "arm64"
      ],
      "license": "Apache-2.0",
      "optional": true,
      "os": [
        "darwin"
      ],
      "engines": {
        "node": ">=18"
      }
    },
    "node_modules/@vibium/darwin-x64": {
      "version": "0.1.2",
      "resolved": "https://registry.npmjs.org/@vibium/darwin-x64/-/darwin-x64-0.1.2.tgz",
      "integrity": "sha512-knqN/946vXzO8732Smz5+vEw5Nrc3nuMtKfmGG5dxi8kaYukSKZTRsfUnYPbmlIcV8iZwvzKt1siDaou7qaT6w==",
      "cpu": [
        "x64"
      ],
      "license": "Apache-2.0",
      "optional": true,
      "os": [
        "darwin"
      ],
      "engines": {
        "node": ">=18"
      }
    },
    "node_modules/@vibium/linux-arm64": {
      "version": "0.1.2",
      "resolved": "https://registry.npmjs.org/@vibium/linux-arm64/-/linux-arm64-0.1.2.tgz",
      "integrity": "sha512-mrRHm/F+9jM1Y56CRJKKxHWZ7TNnKDVA/t8/c5WDIzWlrXOaDVA3UFFy0PNbu2RHExYDBrBYGRXEcgBK0dHjEw==",
      "cpu": [
        "arm64"
      ],
      "license": "Apache-2.0",
      "optional": true,
      "os": [
        "linux"
      ],
      "engines": {
        "node": ">=18"
      }
    },
    "node_modules/@vibium/linux-x64": {
      "version": "0.1.2",
      "resolved": "https://registry.npmjs.org/@vibium/linux-x64/-/linux-x64-0.1.2.tgz",
      "integrity": "sha512-3zembgtYpBdSwm2nLxoxMAPfAB/5H5Rk6vfvZ9QalTa+zcxOCycyfBof7tmev7XGy/3VX0228CaPvItuatsBcA==",
      "cpu": [
        "x64"
      ],
      "license": "Apache-2.0",
      "optional": true,
      "os": [
        "linux"
      ],
      "engines": {
        "node": ">=18"
      }
    },
    "node_modules/@vibium/win32-x64": {
      "version": "0.1.2",
      "resolved": "https://registry.npmjs.org/@vibium/win32-x64/-/win32-x64-0.1.2.tgz",
      "integrity": "sha512-m2viSvujCu+znGfdPSlm/PbuAFubCwQms009BUqtIPcX6sSape0pCFV6QGmAAfV4hoM6OGhAUIFOubGVWVqRog==",
      "cpu": [
        "x64"
      ],
      "license": "Apache-2.0",
      "optional": true,
      "os": [
        "win32"
      ],
      "engines": {
        "node": ">=18"
      }
    },
    "node_modules/vibium": {
      "version": "0.1.2",
      "resolved": "https://registry.npmjs.org/vibium/-/vibium-0.1.2.tgz",
      "integrity": "sha512-XHpYIFBuLkyEVDBlbiNDiIFFI2vGL9Q7MfzzIzaZqsWP6qR8P13xGg+Kg+Ae5QMhOKLz2jWthZ+g3P+n5iZ4kg==",
      "hasInstallScript": true,
      "license": "Apache-2.0",
      "dependencies": {
        "ws": "^8.18.3"
      },
      "bin": {
        "vibium": "bin.js"
      },
      "engines": {
        "node": ">=18"
      },
      "optionalDependencies": {
        "@vibium/darwin-arm64": "0.1.2",
        "@vibium/darwin-x64": "0.1.2",
        "@vibium/linux-arm64": "0.1.2",
        "@vibium/linux-x64": "0.1.2",
        "@vibium/win32-x64": "0.1.2"
      }
    },
    "node_modules/ws": {
      "version": "8.18.3",
      "resolved": "https://registry.npmjs.org/ws/-/ws-8.18.3.tgz",
      "integrity": "sha512-PEIGCY5tSlUt50cqyMXfCzX+oOPqN0vuGqWzbcJ2xvnkzkq46oOpz7dQaTDBdfICb4N14+GARUDw2XV2N4tvzg==",
      "license": "MIT",
      "engines": {
        "node": ">=10.0.0"
      },
      "peerDependencies": {
        "bufferutil": "^4.0.1",
        "utf-8-validate": ">=5.0.2"
      },
      "peerDependenciesMeta": {
        "bufferutil": {
          "optional": true
        },
        "utf-8-validate": {
          "optional": true
        }
      }
    }
  }
}
